
Microsoft Visual Studio Solution File, Format Version 12.00
# Visual Studio 15
VisualStudioVersion = 15.0.27703.2042
MinimumVisualStudioVersion = 10.0.40219.1
Project("{9A19103F-16F7-4668-BE54-9A1E7A4F7556}") = "CoreWindowsWrapper", "CoreWindowsWrapper.csproj", "{820F239A-3001-4659-B224-489079B1357E}"
EndProject
Project("{9A19103F-16F7-4668-BE54-9A1E7A4F7556}") = "ConsleCaller", "..\ConsleCaller\ConsleCaller.csproj", "{72A44751-86B5-488F-8214-C8DD305A212B}"
EndProject
Global
	GlobalSection(SolutionConfigurationPlatforms) = preSolution
		Debug|Any CPU = Debug|Any CPU
		Debug|x64 = Debug|x64
		Debug|x86 = Debug|x86
		Release|Any CPU = Release|Any CPU
		Release|x64 = Release|x64
		Release|x86 = Release|x86
	EndGlobalSection
	GlobalSection(ProjectConfigurationPlatforms) = postSolution
		{820F239A-3001-4659-B224-489079B1357E}.Debug|Any CPU.ActiveCfg = Debug|Any CPU
		{820F239A-3001-4659-B224-489079B1357E}.Debug|Any CPU.Build.0 = Debug|Any CPU
		{820F239A-3001-4659-B224-489079B1357E}.Debug|x64.ActiveCfg = Debug|Any CPU
		{820F239A-3001-4659-B224-489079B1357E}.Debug|x64.Build.0 = Debug|Any CPU
		{820F239A-3001-4659-B224-489079B1357E}.Debug|x86.ActiveCfg = Debug|Any CPU
		{820F239A-3001-4659-B224-489079B1357E}.Debug|x86.Build.0 = Debug|Any CPU
		{820F239A-3001-4659-B224-489079B1357E}.Release|Any CPU.ActiveCfg = Release|Any CPU
		{820F239A-3001-4659-B224-489079B1357E}.Release|Any CPU.Build.0 = Release|Any CPU
		{820F239A-3001-4659-B224-489079B1357E}.Release|x64.ActiveCfg = Release|Any CPU
		{820F239A-3001-4659-B224-489079B1357E}.Release|x64.Build.0 = Release|Any CPU
		{820F239A-3001-4659-B224-489079B1357E}.Release|x86.ActiveCfg = Release|Any CPU
		{820F239A-3001-4659-B224-489079B1357E}.Release|x86.Build.0 = Release|Any CPU
		{72A44751-86B5-488F-8214-C8DD305A212B}.Debug|Any CPU.ActiveCfg = Debug|Any CPU
		{72A44751-86B5-488F-8214-C8DD305A212B}.Debug|Any CPU.Build.0 = Debug|Any CPU
		{72A44751-86B5-488F-8214-C8DD305A212B}.Debug|x64.ActiveCfg = Debug|Any CPU
		{72A44751-86B5-488F-8214-C8DD305A212B}.Debug|x64.Build.0 = Debug|Any CPU
		{72A44751-86B5-488F-8214-C8DD305A212B}.Debug|x86.ActiveCfg = Debug|Any CPU
		{72A44751-86B5-488F-8214-C8DD305A212B}.Debug|x86.Build.0 = Debug|Any CPU
		{72A44751-86B5-488F-8214-C8DD305A212B}.Release|Any CPU.ActiveCfg = Release|Any CPU
		{72A44751-86B5-488F-8214-C8DD305A212B}.Release|Any CPU.Build.0 = Release|Any CPU
		{72A44751-86B5-488F-8214-C8DD305A212B}.Release|x64.ActiveCfg = Release|Any CPU
		{72A44751-86B5-488F-8214-C8DD305A212B}.Release|x64.Build.0 = Release|Any CPU
		{72A44751-86B5-488F-8214-C8DD305A212B}.Release|x86.ActiveCfg = Release|Any CPU
		{72A44751-86B5-488F-8214-C8DD305A212B}.Release|x86.Build.0 = Release|Any CPU
	EndGlobalSection
	GlobalSection(SolutionProperties) = preSolution
		HideSolutionNode = FALSE
	EndGlobalSection
	GlobalSection(ExtensibilityGlobals) = postSolution
		SolutionGuid = {D09F0810-EDB0-41B0-A1E5-7EC8C7E600AF}
	EndGlobalSection
	GlobalSection(TeamFoundationVersionControl) = preSolution
		SccNumberOfProjects = 3
		SccEnterpriseProvider = {4CA58AB2-18FA-4F8D-95D4-32DDF27D184C}
		SccTeamFoundationServer = https://tfs.it-agnesmeyer.de/diga
		SccLocalPath0 = .
		SccProjectUniqueName1 = ..\\ConsleCaller\\ConsleCaller.csproj
		SccProjectName1 = ../ConsleCaller
		SccLocalPath1 = ..\\ConsleCaller
		SccProjectUniqueName2 = CoreWindowsWrapper.csproj
		SccLocalPath2 = .
	EndGlobalSection
EndGlobal
